{
  "name": "@writetome51/get-class-modification-decorator",
  "version": "0.0.2",
  "lockfileVersion": 1,
  "requires": true,
  "dependencies": {
    "@writetome51/modify-object": {
      "version": "1.0.1",
      "resolved": "https://registry.npmjs.org/@writetome51/modify-object/-/modify-object-1.0.1.tgz",
      "integrity": "sha512-4+Q/+iJeJlWAcVof5JSjUGMrTbs/QGZV4GzMLQd3vjRhF0zAJZ3HfMjWSB0UijtLS7jX7xMoU/vJPMHGlOiB9g=="
    }
  }
}
